
Microsoft Visual Studio Solution File, Format Version 12.00
# Visual Studio Version 17
VisualStudioVersion = 17.4.33213.308
MinimumVisualStudioVersion = 10.0.40219.1
Project("{FAE04EC0-301F-11D3-BF4B-00C04F79EFBC}") = "lab_3_again", "lab_3_again\lab_3_again.csproj", "{71EE194F-ACFD-45EF-95B9-2D881D3230DD}"
EndProject
Global
	GlobalSection(SolutionConfigurationPlatforms) = preSolution
		Debug|Any CPU = Debug|Any CPU
		Release|Any CPU = Release|Any CPU
	EndGlobalSection
	GlobalSection(ProjectConfigurationPlatforms) = postSolution
		{71EE194F-ACFD-45EF-95B9-2D881D3230DD}.Debug|Any CPU.ActiveCfg = Debug|Any CPU
		{71EE194F-ACFD-45EF-95B9-2D881D3230DD}.Debug|Any CPU.Build.0 = Debug|Any CPU
		{71EE194F-ACFD-45EF-95B9-2D881D3230DD}.Release|Any CPU.ActiveCfg = Release|Any CPU
		{71EE194F-ACFD-45EF-95B9-2D881D3230DD}.Release|Any CPU.Build.0 = Release|Any CPU
	EndGlobalSection
	GlobalSection(SolutionProperties) = preSolution
		HideSolutionNode = FALSE
	EndGlobalSection
	GlobalSection(ExtensibilityGlobals) = postSolution
		SolutionGuid = {0A658594-823F-4FF6-81BC-A12F84A05568}
	EndGlobalSection
EndGlobal
